
Microsoft Visual Studio Solution File, Format Version 12.00
# Visual Studio Version 17
VisualStudioVersion = 17.7.34221.43
MinimumVisualStudioVersion = 10.0.40219.1
Project("{FAE04EC0-301F-11D3-BF4B-00C04F79EFBC}") = "ConsoleAppHotel_Lab2", "ConsoleAppHotel_Lab2\ConsoleAppHotel_Lab2.csproj", "{76CE784C-4C1D-44A9-B892-463C5905F353}"
EndProject
Global
	GlobalSection(SolutionConfigurationPlatforms) = preSolution
		Debug|Any CPU = Debug|Any CPU
		Release|Any CPU = Release|Any CPU
	EndGlobalSection
	GlobalSection(ProjectConfigurationPlatforms) = postSolution
		{76CE784C-4C1D-44A9-B892-463C5905F353}.Debug|Any CPU.ActiveCfg = Debug|Any CPU
		{76CE784C-4C1D-44A9-B892-463C5905F353}.Debug|Any CPU.Build.0 = Debug|Any CPU
		{76CE784C-4C1D-44A9-B892-463C5905F353}.Release|Any CPU.ActiveCfg = Release|Any CPU
		{76CE784C-4C1D-44A9-B892-463C5905F353}.Release|Any CPU.Build.0 = Release|Any CPU
	EndGlobalSection
	GlobalSection(SolutionProperties) = preSolution
		HideSolutionNode = FALSE
	EndGlobalSection
	GlobalSection(ExtensibilityGlobals) = postSolution
		SolutionGuid = {ABA434D5-BD7F-4B14-A07B-25A69BD514AF}
	EndGlobalSection
EndGlobal
